
Microsoft Visual Studio Solution File, Format Version 12.00
# Visual Studio Version 17
VisualStudioVersion = 17.4.33213.308
MinimumVisualStudioVersion = 10.0.40219.1
Project("{FAE04EC0-301F-11D3-BF4B-00C04F79EFBC}") = "Identity.APIs", "Identity.APIs\Identity.APIs.csproj", "{FC4D9BD9-8A9B-4DE3-A433-E12DCCAF9538}"
EndProject
Project("{FAE04EC0-301F-11D3-BF4B-00C04F79EFBC}") = "Identity.BL", "Identity.BL\Identity.BL.csproj", "{7477C362-8202-45F0-B8B8-2C8886DA4731}"
EndProject
Project("{FAE04EC0-301F-11D3-BF4B-00C04F79EFBC}") = "Identity.DAL", "Identity.DAL\Identity.DAL.csproj", "{67E43CEE-D221-499A-B3ED-D3443A3AA009}"
EndProject
Global
	GlobalSection(SolutionConfigurationPlatforms) = preSolution
		Debug|Any CPU = Debug|Any CPU
		Release|Any CPU = Release|Any CPU
	EndGlobalSection
	GlobalSection(ProjectConfigurationPlatforms) = postSolution
		{FC4D9BD9-8A9B-4DE3-A433-E12DCCAF9538}.Debug|Any CPU.ActiveCfg = Debug|Any CPU
		{FC4D9BD9-8A9B-4DE3-A433-E12DCCAF9538}.Debug|Any CPU.Build.0 = Debug|Any CPU
		{FC4D9BD9-8A9B-4DE3-A433-E12DCCAF9538}.Release|Any CPU.ActiveCfg = Release|Any CPU
		{FC4D9BD9-8A9B-4DE3-A433-E12DCCAF9538}.Release|Any CPU.Build.0 = Release|Any CPU
		{7477C362-8202-45F0-B8B8-2C8886DA4731}.Debug|Any CPU.ActiveCfg = Debug|Any CPU
		{7477C362-8202-45F0-B8B8-2C8886DA4731}.Debug|Any CPU.Build.0 = Debug|Any CPU
		{7477C362-8202-45F0-B8B8-2C8886DA4731}.Release|Any CPU.ActiveCfg = Release|Any CPU
		{7477C362-8202-45F0-B8B8-2C8886DA4731}.Release|Any CPU.Build.0 = Release|Any CPU
		{67E43CEE-D221-499A-B3ED-D3443A3AA009}.Debug|Any CPU.ActiveCfg = Debug|Any CPU
		{67E43CEE-D221-499A-B3ED-D3443A3AA009}.Debug|Any CPU.Build.0 = Debug|Any CPU
		{67E43CEE-D221-499A-B3ED-D3443A3AA009}.Release|Any CPU.ActiveCfg = Release|Any CPU
		{67E43CEE-D221-499A-B3ED-D3443A3AA009}.Release|Any CPU.Build.0 = Release|Any CPU
	EndGlobalSection
	GlobalSection(SolutionProperties) = preSolution
		HideSolutionNode = FALSE
	EndGlobalSection
	GlobalSection(ExtensibilityGlobals) = postSolution
		SolutionGuid = {3FBA0DF5-22A0-4F1D-9A58-740F116C42C1}
	EndGlobalSection
EndGlobal
